
Microsoft Visual Studio Solution File, Format Version 12.00
# Visual Studio Version 17
VisualStudioVersion = 17.12.35707.178 d17.12
MinimumVisualStudioVersion = 10.0.40219.1
Project("{2150E333-8FDC-42A3-9474-1A3956D46DE8}") = "Core", "Core", "{3EDF0C0F-9AEC-4866-991E-479DAF6F43E9}"
EndProject
Project("{2150E333-8FDC-42A3-9474-1A3956D46DE8}") = "Infrastructure", "Infrastructure", "{FA2BECB5-E2B8-4CE9-92D4-2E8B914FA934}"
EndProject
Project("{FAE04EC0-301F-11D3-BF4B-00C04F79EFBC}") = "RentCar.Domain", "RentCar.Domain\RentCar.Domain.csproj", "{526A0174-C755-4E16-B960-4E1D9F6C15DE}"
EndProject
Project("{FAE04EC0-301F-11D3-BF4B-00C04F79EFBC}") = "RentCar.Persistence", "Infrastructure\RentCar.Persistence\RentCar.Persistence.csproj", "{11B5D570-08A3-4BCB-9A73-8696EF33AD86}"
EndProject
Project("{2150E333-8FDC-42A3-9474-1A3956D46DE8}") = "Presentation", "Presentation", "{A4DA5650-CE01-4603-BCF8-CB2E1F0A18DD}"
EndProject
Project("{FAE04EC0-301F-11D3-BF4B-00C04F79EFBC}") = "RentCar.WebApi", "Presentation\RentCar.WebApi\RentCar.WebApi.csproj", "{A25A11F3-09C0-48E5-B7C0-EA767C4BC8B6}"
EndProject
Project("{FAE04EC0-301F-11D3-BF4B-00C04F79EFBC}") = "RentCar.Application", "Core\RentCar.Application\RentCar.Application.csproj", "{336863C6-91D1-4E9A-ACFE-306E1E77D643}"
EndProject
Project("{2150E333-8FDC-42A3-9474-1A3956D46DE8}") = "Test", "Test", "{3DB33B93-77EE-4B2F-A7EE-DF55404A0BA5}"
EndProject
Project("{FAE04EC0-301F-11D3-BF4B-00C04F79EFBC}") = "RentCar.Test", "RentCar.Test\RentCar.Test.csproj", "{E2389F52-7991-4364-8489-1568565A3ECE}"
EndProject
Project("{2150E333-8FDC-42A3-9474-1A3956D46DE8}") = "FrontendsWebUI", "FrontendsWebUI", "{0D84AA37-0971-454D-9907-A36CC566B4FC}"
EndProject
Project("{FAE04EC0-301F-11D3-BF4B-00C04F79EFBC}") = "RentCar.WebUi", "FrontendsWebUI\RentCar.WebUi\RentCar.WebUi.csproj", "{38D801B4-D36A-46D4-AC46-E2FCC63D2F8E}"
EndProject
Global
	GlobalSection(SolutionConfigurationPlatforms) = preSolution
		Debug|Any CPU = Debug|Any CPU
		Release|Any CPU = Release|Any CPU
	EndGlobalSection
	GlobalSection(ProjectConfigurationPlatforms) = postSolution
		{526A0174-C755-4E16-B960-4E1D9F6C15DE}.Debug|Any CPU.ActiveCfg = Debug|Any CPU
		{526A0174-C755-4E16-B960-4E1D9F6C15DE}.Debug|Any CPU.Build.0 = Debug|Any CPU
		{526A0174-C755-4E16-B960-4E1D9F6C15DE}.Release|Any CPU.ActiveCfg = Release|Any CPU
		{526A0174-C755-4E16-B960-4E1D9F6C15DE}.Release|Any CPU.Build.0 = Release|Any CPU
		{11B5D570-08A3-4BCB-9A73-8696EF33AD86}.Debug|Any CPU.ActiveCfg = Debug|Any CPU
		{11B5D570-08A3-4BCB-9A73-8696EF33AD86}.Debug|Any CPU.Build.0 = Debug|Any CPU
		{11B5D570-08A3-4BCB-9A73-8696EF33AD86}.Release|Any CPU.ActiveCfg = Release|Any CPU
		{11B5D570-08A3-4BCB-9A73-8696EF33AD86}.Release|Any CPU.Build.0 = Release|Any CPU
		{A25A11F3-09C0-48E5-B7C0-EA767C4BC8B6}.Debug|Any CPU.ActiveCfg = Debug|Any CPU
		{A25A11F3-09C0-48E5-B7C0-EA767C4BC8B6}.Debug|Any CPU.Build.0 = Debug|Any CPU
		{A25A11F3-09C0-48E5-B7C0-EA767C4BC8B6}.Release|Any CPU.ActiveCfg = Release|Any CPU
		{A25A11F3-09C0-48E5-B7C0-EA767C4BC8B6}.Release|Any CPU.Build.0 = Release|Any CPU
		{336863C6-91D1-4E9A-ACFE-306E1E77D643}.Debug|Any CPU.ActiveCfg = Debug|Any CPU
		{336863C6-91D1-4E9A-ACFE-306E1E77D643}.Debug|Any CPU.Build.0 = Debug|Any CPU
		{336863C6-91D1-4E9A-ACFE-306E1E77D643}.Release|Any CPU.ActiveCfg = Release|Any CPU
		{336863C6-91D1-4E9A-ACFE-306E1E77D643}.Release|Any CPU.Build.0 = Release|Any CPU
		{E2389F52-7991-4364-8489-1568565A3ECE}.Debug|Any CPU.ActiveCfg = Debug|Any CPU
		{E2389F52-7991-4364-8489-1568565A3ECE}.Debug|Any CPU.Build.0 = Debug|Any CPU
		{E2389F52-7991-4364-8489-1568565A3ECE}.Release|Any CPU.ActiveCfg = Release|Any CPU
		{E2389F52-7991-4364-8489-1568565A3ECE}.Release|Any CPU.Build.0 = Release|Any CPU
		{38D801B4-D36A-46D4-AC46-E2FCC63D2F8E}.Debug|Any CPU.ActiveCfg = Debug|Any CPU
		{38D801B4-D36A-46D4-AC46-E2FCC63D2F8E}.Debug|Any CPU.Build.0 = Debug|Any CPU
		{38D801B4-D36A-46D4-AC46-E2FCC63D2F8E}.Release|Any CPU.ActiveCfg = Release|Any CPU
		{38D801B4-D36A-46D4-AC46-E2FCC63D2F8E}.Release|Any CPU.Build.0 = Release|Any CPU
	EndGlobalSection
	GlobalSection(SolutionProperties) = preSolution
		HideSolutionNode = FALSE
	EndGlobalSection
	GlobalSection(NestedProjects) = preSolution
		{526A0174-C755-4E16-B960-4E1D9F6C15DE} = {3EDF0C0F-9AEC-4866-991E-479DAF6F43E9}
		{11B5D570-08A3-4BCB-9A73-8696EF33AD86} = {FA2BECB5-E2B8-4CE9-92D4-2E8B914FA934}
		{A25A11F3-09C0-48E5-B7C0-EA767C4BC8B6} = {A4DA5650-CE01-4603-BCF8-CB2E1F0A18DD}
		{336863C6-91D1-4E9A-ACFE-306E1E77D643} = {3EDF0C0F-9AEC-4866-991E-479DAF6F43E9}
		{E2389F52-7991-4364-8489-1568565A3ECE} = {3DB33B93-77EE-4B2F-A7EE-DF55404A0BA5}
		{38D801B4-D36A-46D4-AC46-E2FCC63D2F8E} = {0D84AA37-0971-454D-9907-A36CC566B4FC}
	EndGlobalSection
EndGlobal
